
Microsoft Visual Studio Solution File, Format Version 12.00
# Visual Studio Version 17
VisualStudioVersion = 17.8.34322.80
MinimumVisualStudioVersion = 10.0.40219.1
Project("{FAE04EC0-301F-11D3-BF4B-00C04F79EFBC}") = "LifeBlazor", "LifeBlazor\LifeBlazor.csproj", "{E4760800-9828-4DA0-8AE5-D7EB88895AAE}"
EndProject
Project("{2150E333-8FDC-42A3-9474-1A3956D46DE8}") = "Solution Items", "Solution Items", "{794799FE-A063-44A7-95E7-D3F5794FE25A}"
	ProjectSection(SolutionItems) = preProject
		README.md = README.md
	EndProjectSection
EndProject
Global
	GlobalSection(SolutionConfigurationPlatforms) = preSolution
		Debug|Any CPU = Debug|Any CPU
		Release|Any CPU = Release|Any CPU
	EndGlobalSection
	GlobalSection(ProjectConfigurationPlatforms) = postSolution
		{E4760800-9828-4DA0-8AE5-D7EB88895AAE}.Debug|Any CPU.ActiveCfg = Debug|Any CPU
		{E4760800-9828-4DA0-8AE5-D7EB88895AAE}.Debug|Any CPU.Build.0 = Debug|Any CPU
		{E4760800-9828-4DA0-8AE5-D7EB88895AAE}.Release|Any CPU.ActiveCfg = Release|Any CPU
		{E4760800-9828-4DA0-8AE5-D7EB88895AAE}.Release|Any CPU.Build.0 = Release|Any CPU
	EndGlobalSection
	GlobalSection(SolutionProperties) = preSolution
		HideSolutionNode = FALSE
	EndGlobalSection
	GlobalSection(ExtensibilityGlobals) = postSolution
		SolutionGuid = {768CC18E-74FA-46AF-9610-1985E5016A4D}
	EndGlobalSection
EndGlobal
